
Microsoft Visual Studio Solution File, Format Version 12.00
# Visual Studio Version 17
VisualStudioVersion = 17.11.35327.3
MinimumVisualStudioVersion = 10.0.40219.1
Project("{9A19103F-16F7-4668-BE54-9A1E7A4F7556}") = "gRPCServer", "gRPCServer\gRPCServer.csproj", "{B780FF4D-5095-4F0F-8F35-C93436614212}"
EndProject
Project("{9A19103F-16F7-4668-BE54-9A1E7A4F7556}") = "gRPCClient", "gRPCClient\gRPCClient.csproj", "{4EF658B2-8EE1-4E36-B744-67DAD8FA19DF}"
	ProjectSection(ProjectDependencies) = postProject
		{B780FF4D-5095-4F0F-8F35-C93436614212} = {B780FF4D-5095-4F0F-8F35-C93436614212}
	EndProjectSection
EndProject
Project("{9A19103F-16F7-4668-BE54-9A1E7A4F7556}") = "remotingLibrary", "remotingLibrary\remotingLibrary.csproj", "{F57E4E88-EA29-4E7F-B14E-7305F4C7820F}"
EndProject
Project("{9A19103F-16F7-4668-BE54-9A1E7A4F7556}") = "remotingServer", "remotingServer\remotingServer.csproj", "{19451311-259B-4B56-9308-F1EF44E037DE}"
EndProject
Project("{9A19103F-16F7-4668-BE54-9A1E7A4F7556}") = "remotingClient", "remotingClient\remotingClient.csproj", "{92F224D5-4256-4EF7-98A3-68108B401CBB}"
EndProject
Global
	GlobalSection(SolutionConfigurationPlatforms) = preSolution
		Debug|Any CPU = Debug|Any CPU
		Release|Any CPU = Release|Any CPU
	EndGlobalSection
	GlobalSection(ProjectConfigurationPlatforms) = postSolution
		{B780FF4D-5095-4F0F-8F35-C93436614212}.Debug|Any CPU.ActiveCfg = Debug|Any CPU
		{B780FF4D-5095-4F0F-8F35-C93436614212}.Debug|Any CPU.Build.0 = Debug|Any CPU
		{B780FF4D-5095-4F0F-8F35-C93436614212}.Release|Any CPU.ActiveCfg = Release|Any CPU
		{B780FF4D-5095-4F0F-8F35-C93436614212}.Release|Any CPU.Build.0 = Release|Any CPU
		{4EF658B2-8EE1-4E36-B744-67DAD8FA19DF}.Debug|Any CPU.ActiveCfg = Debug|Any CPU
		{4EF658B2-8EE1-4E36-B744-67DAD8FA19DF}.Debug|Any CPU.Build.0 = Debug|Any CPU
		{4EF658B2-8EE1-4E36-B744-67DAD8FA19DF}.Release|Any CPU.ActiveCfg = Release|Any CPU
		{4EF658B2-8EE1-4E36-B744-67DAD8FA19DF}.Release|Any CPU.Build.0 = Release|Any CPU
		{F57E4E88-EA29-4E7F-B14E-7305F4C7820F}.Debug|Any CPU.ActiveCfg = Debug|Any CPU
		{F57E4E88-EA29-4E7F-B14E-7305F4C7820F}.Debug|Any CPU.Build.0 = Debug|Any CPU
		{F57E4E88-EA29-4E7F-B14E-7305F4C7820F}.Release|Any CPU.ActiveCfg = Release|Any CPU
		{F57E4E88-EA29-4E7F-B14E-7305F4C7820F}.Release|Any CPU.Build.0 = Release|Any CPU
		{19451311-259B-4B56-9308-F1EF44E037DE}.Debug|Any CPU.ActiveCfg = Debug|Any CPU
		{19451311-259B-4B56-9308-F1EF44E037DE}.Debug|Any CPU.Build.0 = Debug|Any CPU
		{19451311-259B-4B56-9308-F1EF44E037DE}.Release|Any CPU.ActiveCfg = Release|Any CPU
		{19451311-259B-4B56-9308-F1EF44E037DE}.Release|Any CPU.Build.0 = Release|Any CPU
		{92F224D5-4256-4EF7-98A3-68108B401CBB}.Debug|Any CPU.ActiveCfg = Debug|Any CPU
		{92F224D5-4256-4EF7-98A3-68108B401CBB}.Debug|Any CPU.Build.0 = Debug|Any CPU
		{92F224D5-4256-4EF7-98A3-68108B401CBB}.Release|Any CPU.ActiveCfg = Release|Any CPU
		{92F224D5-4256-4EF7-98A3-68108B401CBB}.Release|Any CPU.Build.0 = Release|Any CPU
	EndGlobalSection
	GlobalSection(SolutionProperties) = preSolution
		HideSolutionNode = FALSE
	EndGlobalSection
	GlobalSection(ExtensibilityGlobals) = postSolution
		SolutionGuid = {A4701A6A-CB0F-413F-A651-47975E9C8329}
	EndGlobalSection
EndGlobal
