
Microsoft Visual Studio Solution File, Format Version 12.00
# Visual Studio Version 17
VisualStudioVersion = 17.5.002.0
MinimumVisualStudioVersion = 10.0.40219.1
Project("{9A19103F-16F7-4668-BE54-9A1E7A4F7556}") = "gRPCServer", "gRPCServer.csproj", "{471D57B0-742F-45D8-A69F-ADF4DEB05D22}"
EndProject
Global
	GlobalSection(SolutionConfigurationPlatforms) = preSolution
		Debug|Any CPU = Debug|Any CPU
		Release|Any CPU = Release|Any CPU
	EndGlobalSection
	GlobalSection(ProjectConfigurationPlatforms) = postSolution
		{471D57B0-742F-45D8-A69F-ADF4DEB05D22}.Debug|Any CPU.ActiveCfg = Debug|Any CPU
		{471D57B0-742F-45D8-A69F-ADF4DEB05D22}.Debug|Any CPU.Build.0 = Debug|Any CPU
		{471D57B0-742F-45D8-A69F-ADF4DEB05D22}.Release|Any CPU.ActiveCfg = Release|Any CPU
		{471D57B0-742F-45D8-A69F-ADF4DEB05D22}.Release|Any CPU.Build.0 = Release|Any CPU
	EndGlobalSection
	GlobalSection(SolutionProperties) = preSolution
		HideSolutionNode = FALSE
	EndGlobalSection
	GlobalSection(ExtensibilityGlobals) = postSolution
		SolutionGuid = {59B3B4BA-035B-4EFE-AA4B-B4D2A405C9AB}
	EndGlobalSection
EndGlobal
