
Microsoft Visual Studio Solution File, Format Version 12.00
# Visual Studio Version 17
VisualStudioVersion = 17.5.002.0
MinimumVisualStudioVersion = 10.0.40219.1
Project("{9A19103F-16F7-4668-BE54-9A1E7A4F7556}") = "gRPCClient", "gRPCClient.csproj", "{30CF46D2-FF48-4E11-BBD6-D6B18AC061D5}"
EndProject
Global
	GlobalSection(SolutionConfigurationPlatforms) = preSolution
		Debug|Any CPU = Debug|Any CPU
		Release|Any CPU = Release|Any CPU
	EndGlobalSection
	GlobalSection(ProjectConfigurationPlatforms) = postSolution
		{30CF46D2-FF48-4E11-BBD6-D6B18AC061D5}.Debug|Any CPU.ActiveCfg = Debug|Any CPU
		{30CF46D2-FF48-4E11-BBD6-D6B18AC061D5}.Debug|Any CPU.Build.0 = Debug|Any CPU
		{30CF46D2-FF48-4E11-BBD6-D6B18AC061D5}.Release|Any CPU.ActiveCfg = Release|Any CPU
		{30CF46D2-FF48-4E11-BBD6-D6B18AC061D5}.Release|Any CPU.Build.0 = Release|Any CPU
	EndGlobalSection
	GlobalSection(SolutionProperties) = preSolution
		HideSolutionNode = FALSE
	EndGlobalSection
	GlobalSection(ExtensibilityGlobals) = postSolution
		SolutionGuid = {4540E2ED-9DBA-46CB-B703-CBDD9D52D287}
	EndGlobalSection
EndGlobal
